
Microsoft Visual Studio Solution File, Format Version 12.00
# Visual Studio Version 17
VisualStudioVersion = 17.0.32112.339
MinimumVisualStudioVersion = 10.0.40219.1
Project("{FAE04EC0-301F-11D3-BF4B-00C04F79EFBC}") = "CrimeApi", "CrimeApi\CrimeApi.csproj", "{40C560C4-2C70-4AE5-9C6E-DB064D37B5FF}"
EndProject
Project("{FAE04EC0-301F-11D3-BF4B-00C04F79EFBC}") = "LawEnforcementApi", "LawEnforcementApi\LawEnforcementApi.csproj", "{3C72FCE5-4316-4F10-9F14-6AB6761841DD}"
EndProject
Project("{FAE04EC0-301F-11D3-BF4B-00C04F79EFBC}") = "CrimeStatsApi", "CrimeStatsApi\CrimeStatsApi.csproj", "{34155AE8-D016-43A6-AEDD-551FC0727F45}"
EndProject
Global
	GlobalSection(SolutionConfigurationPlatforms) = preSolution
		Debug|Any CPU = Debug|Any CPU
		Release|Any CPU = Release|Any CPU
	EndGlobalSection
	GlobalSection(ProjectConfigurationPlatforms) = postSolution
		{40C560C4-2C70-4AE5-9C6E-DB064D37B5FF}.Debug|Any CPU.ActiveCfg = Debug|Any CPU
		{40C560C4-2C70-4AE5-9C6E-DB064D37B5FF}.Debug|Any CPU.Build.0 = Debug|Any CPU
		{40C560C4-2C70-4AE5-9C6E-DB064D37B5FF}.Release|Any CPU.ActiveCfg = Release|Any CPU
		{40C560C4-2C70-4AE5-9C6E-DB064D37B5FF}.Release|Any CPU.Build.0 = Release|Any CPU
		{3C72FCE5-4316-4F10-9F14-6AB6761841DD}.Debug|Any CPU.ActiveCfg = Debug|Any CPU
		{3C72FCE5-4316-4F10-9F14-6AB6761841DD}.Debug|Any CPU.Build.0 = Debug|Any CPU
		{3C72FCE5-4316-4F10-9F14-6AB6761841DD}.Release|Any CPU.ActiveCfg = Release|Any CPU
		{3C72FCE5-4316-4F10-9F14-6AB6761841DD}.Release|Any CPU.Build.0 = Release|Any CPU
		{34155AE8-D016-43A6-AEDD-551FC0727F45}.Debug|Any CPU.ActiveCfg = Debug|Any CPU
		{34155AE8-D016-43A6-AEDD-551FC0727F45}.Debug|Any CPU.Build.0 = Debug|Any CPU
		{34155AE8-D016-43A6-AEDD-551FC0727F45}.Release|Any CPU.ActiveCfg = Release|Any CPU
		{34155AE8-D016-43A6-AEDD-551FC0727F45}.Release|Any CPU.Build.0 = Release|Any CPU
	EndGlobalSection
	GlobalSection(SolutionProperties) = preSolution
		HideSolutionNode = FALSE
	EndGlobalSection
	GlobalSection(ExtensibilityGlobals) = postSolution
		SolutionGuid = {7105BE73-A6C8-492D-AA3B-EDC975D24919}
	EndGlobalSection
EndGlobal
